
Microsoft Visual Studio Solution File, Format Version 12.00
# Visual Studio Version 16
VisualStudioVersion = 16.0.31729.503
MinimumVisualStudioVersion = 10.0.40219.1
Project("{9A19103F-16F7-4668-BE54-9A1E7A4F7556}") = "T4C-Cluster.Node.Network", "T4C-Cluster.Node.Network\T4C-Cluster.Node.Network.csproj", "{C97335CD-49C3-469B-9ABF-282CC7A10394}"
EndProject
Project("{2150E333-8FDC-42A3-9474-1A3956D46DE8}") = "Tests", "Tests", "{8CE282E5-3CCA-45F8-BE2F-7AB6F8F2BCA4}"
EndProject
Project("{9A19103F-16F7-4668-BE54-9A1E7A4F7556}") = "T4C-Cluster.API", "T4C-Cluster.API\T4C-Cluster.API.csproj", "{D9941F31-DC1B-4899-A412-BB805BBAE018}"
EndProject
Project("{FAE04EC0-301F-11D3-BF4B-00C04F79EFBC}") = "T4C-Cluster.Lib", "T4C-Cluster.Lib\T4C-Cluster.Lib.csproj", "{D7BD0116-1E38-471E-A1D8-3904940E50CC}"
EndProject
Project("{FAE04EC0-301F-11D3-BF4B-00C04F79EFBC}") = "T4C-Cluster.API.Test", "T4C-Cluster.API.Test\T4C-Cluster.API.Test.csproj", "{1EF18E64-BC38-4305-9DA8-153A223E7DE1}"
EndProject
Project("{FAE04EC0-301F-11D3-BF4B-00C04F79EFBC}") = "T4C-Cluster.Lib.Test", "T4C-Cluster.Lib.Test\T4C-Cluster.Lib.Test.csproj", "{2E169C76-B7AC-445E-BA67-D7D1A58BDA6A}"
EndProject
Project("{FAE04EC0-301F-11D3-BF4B-00C04F79EFBC}") = "T4C-Cluster.Node.Network.Test", "T4C-Cluster.Node.Network.Test\T4C-Cluster.Node.Network.Test.csproj", "{7A9D47BE-4C8B-44D5-A395-E1B9C808DCEE}"
EndProject
Project("{FAE04EC0-301F-11D3-BF4B-00C04F79EFBC}") = "T4c-Cluster.Node.Worker.Test", "T4c-Cluster.Node.Worker.Test\T4c-Cluster.Node.Worker.Test.csproj", "{384DB45D-1623-4725-AEA4-F40952BEC9DC}"
EndProject
Project("{FAE04EC0-301F-11D3-BF4B-00C04F79EFBC}") = "T4c-Cluster.Node.Worker", "T4c-Cluster.Node.Worker\T4c-Cluster.Node.Worker.csproj", "{E4193DDD-1984-473E-A58E-E65803242CF5}"
EndProject
Global
	GlobalSection(SolutionConfigurationPlatforms) = preSolution
		Debug|Any CPU = Debug|Any CPU
		Release|Any CPU = Release|Any CPU
	EndGlobalSection
	GlobalSection(ProjectConfigurationPlatforms) = postSolution
		{C97335CD-49C3-469B-9ABF-282CC7A10394}.Debug|Any CPU.ActiveCfg = Debug|Any CPU
		{C97335CD-49C3-469B-9ABF-282CC7A10394}.Debug|Any CPU.Build.0 = Debug|Any CPU
		{C97335CD-49C3-469B-9ABF-282CC7A10394}.Release|Any CPU.ActiveCfg = Release|Any CPU
		{C97335CD-49C3-469B-9ABF-282CC7A10394}.Release|Any CPU.Build.0 = Release|Any CPU
		{D9941F31-DC1B-4899-A412-BB805BBAE018}.Debug|Any CPU.ActiveCfg = Debug|Any CPU
		{D9941F31-DC1B-4899-A412-BB805BBAE018}.Debug|Any CPU.Build.0 = Debug|Any CPU
		{D9941F31-DC1B-4899-A412-BB805BBAE018}.Release|Any CPU.ActiveCfg = Release|Any CPU
		{D9941F31-DC1B-4899-A412-BB805BBAE018}.Release|Any CPU.Build.0 = Release|Any CPU
		{D7BD0116-1E38-471E-A1D8-3904940E50CC}.Debug|Any CPU.ActiveCfg = Debug|Any CPU
		{D7BD0116-1E38-471E-A1D8-3904940E50CC}.Debug|Any CPU.Build.0 = Debug|Any CPU
		{D7BD0116-1E38-471E-A1D8-3904940E50CC}.Release|Any CPU.ActiveCfg = Release|Any CPU
		{D7BD0116-1E38-471E-A1D8-3904940E50CC}.Release|Any CPU.Build.0 = Release|Any CPU
		{1EF18E64-BC38-4305-9DA8-153A223E7DE1}.Debug|Any CPU.ActiveCfg = Debug|Any CPU
		{1EF18E64-BC38-4305-9DA8-153A223E7DE1}.Debug|Any CPU.Build.0 = Debug|Any CPU
		{1EF18E64-BC38-4305-9DA8-153A223E7DE1}.Release|Any CPU.ActiveCfg = Release|Any CPU
		{1EF18E64-BC38-4305-9DA8-153A223E7DE1}.Release|Any CPU.Build.0 = Release|Any CPU
		{2E169C76-B7AC-445E-BA67-D7D1A58BDA6A}.Debug|Any CPU.ActiveCfg = Debug|Any CPU
		{2E169C76-B7AC-445E-BA67-D7D1A58BDA6A}.Debug|Any CPU.Build.0 = Debug|Any CPU
		{2E169C76-B7AC-445E-BA67-D7D1A58BDA6A}.Release|Any CPU.ActiveCfg = Release|Any CPU
		{2E169C76-B7AC-445E-BA67-D7D1A58BDA6A}.Release|Any CPU.Build.0 = Release|Any CPU
		{7A9D47BE-4C8B-44D5-A395-E1B9C808DCEE}.Debug|Any CPU.ActiveCfg = Debug|Any CPU
		{7A9D47BE-4C8B-44D5-A395-E1B9C808DCEE}.Debug|Any CPU.Build.0 = Debug|Any CPU
		{7A9D47BE-4C8B-44D5-A395-E1B9C808DCEE}.Release|Any CPU.ActiveCfg = Release|Any CPU
		{7A9D47BE-4C8B-44D5-A395-E1B9C808DCEE}.Release|Any CPU.Build.0 = Release|Any CPU
		{384DB45D-1623-4725-AEA4-F40952BEC9DC}.Debug|Any CPU.ActiveCfg = Debug|Any CPU
		{384DB45D-1623-4725-AEA4-F40952BEC9DC}.Debug|Any CPU.Build.0 = Debug|Any CPU
		{384DB45D-1623-4725-AEA4-F40952BEC9DC}.Release|Any CPU.ActiveCfg = Release|Any CPU
		{384DB45D-1623-4725-AEA4-F40952BEC9DC}.Release|Any CPU.Build.0 = Release|Any CPU
		{E4193DDD-1984-473E-A58E-E65803242CF5}.Debug|Any CPU.ActiveCfg = Debug|Any CPU
		{E4193DDD-1984-473E-A58E-E65803242CF5}.Debug|Any CPU.Build.0 = Debug|Any CPU
		{E4193DDD-1984-473E-A58E-E65803242CF5}.Release|Any CPU.ActiveCfg = Release|Any CPU
		{E4193DDD-1984-473E-A58E-E65803242CF5}.Release|Any CPU.Build.0 = Release|Any CPU
	EndGlobalSection
	GlobalSection(SolutionProperties) = preSolution
		HideSolutionNode = FALSE
	EndGlobalSection
	GlobalSection(NestedProjects) = preSolution
		{1EF18E64-BC38-4305-9DA8-153A223E7DE1} = {8CE282E5-3CCA-45F8-BE2F-7AB6F8F2BCA4}
		{2E169C76-B7AC-445E-BA67-D7D1A58BDA6A} = {8CE282E5-3CCA-45F8-BE2F-7AB6F8F2BCA4}
		{7A9D47BE-4C8B-44D5-A395-E1B9C808DCEE} = {8CE282E5-3CCA-45F8-BE2F-7AB6F8F2BCA4}
		{384DB45D-1623-4725-AEA4-F40952BEC9DC} = {8CE282E5-3CCA-45F8-BE2F-7AB6F8F2BCA4}
	EndGlobalSection
	GlobalSection(ExtensibilityGlobals) = postSolution
		SolutionGuid = {73F6EE5E-B786-45FF-A195-867F561F86E5}
	EndGlobalSection
EndGlobal
